
Microsoft Visual Studio Solution File, Format Version 12.00
# Visual Studio Version 16
VisualStudioVersion = 16.0.30804.86
MinimumVisualStudioVersion = 10.0.40219.1
Project("{FAE04EC0-301F-11D3-BF4B-00C04F79EFBC}") = "Launch", "Launch.csproj", "{73057C44-7F56-4493-B93F-12BC7BF6C892}"
EndProject
Global
	GlobalSection(SolutionConfigurationPlatforms) = preSolution
		Debug|Any CPU = Debug|Any CPU
		Release|Any CPU = Release|Any CPU
	EndGlobalSection
	GlobalSection(ProjectConfigurationPlatforms) = postSolution
		{73057C44-7F56-4493-B93F-12BC7BF6C892}.Debug|Any CPU.ActiveCfg = Debug|Any CPU
		{73057C44-7F56-4493-B93F-12BC7BF6C892}.Debug|Any CPU.Build.0 = Debug|Any CPU
		{73057C44-7F56-4493-B93F-12BC7BF6C892}.Release|Any CPU.ActiveCfg = Release|Any CPU
		{73057C44-7F56-4493-B93F-12BC7BF6C892}.Release|Any CPU.Build.0 = Release|Any CPU
	EndGlobalSection
	GlobalSection(SolutionProperties) = preSolution
		HideSolutionNode = FALSE
	EndGlobalSection
	GlobalSection(ExtensibilityGlobals) = postSolution
		SolutionGuid = {0507DF6E-D123-4A5E-8555-3464528611AD}
	EndGlobalSection
EndGlobal
